// !$*UTF8*$!
{
	archiveVersion = 1;
	classes = {
	};
	objectVersion = 46;
	objects = {

/* Begin PBXBuildFile section */
		052EB2291EAEA59D002E8BAE /* Building.cpp in Sources */ = {isa = PBXBuildFile; fileRef = 052EB1F91EAEA59D002E8BAE /* Building.cpp */; };
		052EB22A1EAEA59D002E8BAE /* GameScene.cpp in Sources */ = {isa = PBXBuildFile; fileRef = 052EB1FB1EAEA59D002E8BAE /* GameScene.cpp */; };
		052EB22B1EAEA59D002E8BAE /* HUDLayer.cpp in Sources */ = {isa = PBXBuildFile; fileRef = 052EB1FD1EAEA59D002E8BAE /* HUDLayer.cpp */; };
		052EB22C1EAEA59D002E8BAE /* PauseLayer.cpp in Sources */ = {isa = PBXBuildFile; fileRef = 052EB1FF1EAEA59D002E8BAE /* PauseLayer.cpp */; };
		052EB22E1EAEA59D002E8BAE /* AnimationHelper.cpp in Sources */ = {isa = PBXBuildFile; fileRef = 052EB2021EAEA59D002E8BAE /* AnimationHelper.cpp */; };
		052EB22F1EAEA59D002E8BAE /* Bullet.cpp in Sources */ = {isa = PBXBuildFile; fileRef = 052EB2041EAEA59D002E8BAE /* Bullet.cpp */; };
		052EB2301EAEA59D002E8BAE /* BulletManager.cpp in Sources */ = {isa = PBXBuildFile; fileRef = 052EB2061EAEA59D002E8BAE /* BulletManager.cpp */; };
		052EB2311EAEA59D002E8BAE /* CountdownLayer.cpp in Sources */ = {isa = PBXBuildFile; fileRef = 052EB2091EAEA59D002E8BAE /* CountdownLayer.cpp */; };
		052EB2321EAEA59D002E8BAE /* GameLose.cpp in Sources */ = {isa = PBXBuildFile; fileRef = 052EB20B1EAEA59D002E8BAE /* GameLose.cpp */; };
		052EB2331EAEA59D002E8BAE /* GameManager.cpp in Sources */ = {isa = PBXBuildFile; fileRef = 052EB20D1EAEA59D002E8BAE /* GameManager.cpp */; };
		052EB2341EAEA59D002E8BAE /* GameWinLayer.cpp in Sources */ = {isa = PBXBuildFile; fileRef = 052EB20F1EAEA59D002E8BAE /* GameWinLayer.cpp */; };
		052EB2361EAEA59D002E8BAE /* LevelEnterDialog.cpp in Sources */ = {isa = PBXBuildFile; fileRef = 052EB2131EAEA59D002E8BAE /* LevelEnterDialog.cpp */; };
		052EB2371EAEA59D002E8BAE /* LevelScene.cpp in Sources */ = {isa = PBXBuildFile; fileRef = 052EB2151EAEA59D002E8BAE /* LevelScene.cpp */; };
		052EB2381EAEA59D002E8BAE /* LoadingScene.cpp in Sources */ = {isa = PBXBuildFile; fileRef = 052EB2171EAEA59D002E8BAE /* LoadingScene.cpp */; };
		052EB23A1EAEA59D002E8BAE /* PathFinder.cpp in Sources */ = {isa = PBXBuildFile; fileRef = 052EB21B1EAEA59D002E8BAE /* PathFinder.cpp */; };
		052EB23B1EAEA59D002E8BAE /* SceneFactory.cpp in Sources */ = {isa = PBXBuildFile; fileRef = 052EB21D1EAEA59D002E8BAE /* SceneFactory.cpp */; };
		052EB23C1EAEA59D002E8BAE /* Tank.cpp in Sources */ = {isa = PBXBuildFile; fileRef = 052EB21F1EAEA59D002E8BAE /* Tank.cpp */; };
		052EB23D1EAEA59D002E8BAE /* TankAI.cpp in Sources */ = {isa = PBXBuildFile; fileRef = 052EB2211EAEA59D002E8BAE /* TankAI.cpp */; };
		052EB23E1EAEA59D002E8BAE /* TankManager.cpp in Sources */ = {isa = PBXBuildFile; fileRef = 052EB2231EAEA59D002E8BAE /* TankManager.cpp */; };
		052EB23F1EAEA59D002E8BAE /* TankMap.cpp in Sources */ = {isa = PBXBuildFile; fileRef = 052EB2251EAEA59D002E8BAE /* TankMap.cpp */; };
		052EB2401EAEA59D002E8BAE /* JoyStick.cpp in Sources */ = {isa = PBXBuildFile; fileRef = 052EB2271EAEA59D002E8BAE /* JoyStick.cpp */; };
		052EB2411EAEA5B7002E8BAE /* Building.cpp in Sources */ = {isa = PBXBuildFile; fileRef = 052EB1F91EAEA59D002E8BAE /* Building.cpp */; };
		052EB2421EAEA5B7002E8BAE /* GameScene.cpp in Sources */ = {isa = PBXBuildFile; fileRef = 052EB1FB1EAEA59D002E8BAE /* GameScene.cpp */; };
		052EB2431EAEA5B7002E8BAE /* HUDLayer.cpp in Sources */ = {isa = PBXBuildFile; fileRef = 052EB1FD1EAEA59D002E8BAE /* HUDLayer.cpp */; };
		052EB2441EAEA5B7002E8BAE /* PauseLayer.cpp in Sources */ = {isa = PBXBuildFile; fileRef = 052EB1FF1EAEA59D002E8BAE /* PauseLayer.cpp */; };
		052EB2451EAEA5B7002E8BAE /* AnimationHelper.cpp in Sources */ = {isa = PBXBuildFile; fileRef = 052EB2021EAEA59D002E8BAE /* AnimationHelper.cpp */; };
		052EB2461EAEA5B7002E8BAE /* Bullet.cpp in Sources */ = {isa = PBXBuildFile; fileRef = 052EB2041EAEA59D002E8BAE /* Bullet.cpp */; };
		052EB2471EAEA5B7002E8BAE /* BulletManager.cpp in Sources */ = {isa = PBXBuildFile; fileRef = 052EB2061EAEA59D002E8BAE /* BulletManager.cpp */; };
		052EB2481EAEA5B7002E8BAE /* CountdownLayer.cpp in Sources */ = {isa = PBXBuildFile; fileRef = 052EB2091EAEA59D002E8BAE /* CountdownLayer.cpp */; };
		052EB2491EAEA5B7002E8BAE /* GameLose.cpp in Sources */ = {isa = PBXBuildFile; fileRef = 052EB20B1EAEA59D002E8BAE /* GameLose.cpp */; };
		052EB24A1EAEA5B7002E8BAE /* GameManager.cpp in Sources */ = {isa = PBXBuildFile; fileRef = 052EB20D1EAEA59D002E8BAE /* GameManager.cpp */; };
		052EB24B1EAEA5B7002E8BAE /* GameWinLayer.cpp in Sources */ = {isa = PBXBuildFile; fileRef = 052EB20F1EAEA59D002E8BAE /* GameWinLayer.cpp */; };
		052EB24D1EAEA5B7002E8BAE /* LevelEnterDialog.cpp in Sources */ = {isa = PBXBuildFile; fileRef = 052EB2131EAEA59D002E8BAE /* LevelEnterDialog.cpp */; };
		052EB24E1EAEA5B7002E8BAE /* LevelScene.cpp in Sources */ = {isa = PBXBuildFile; fileRef = 052EB2151EAEA59D002E8BAE /* LevelScene.cpp */; };
		052EB24F1EAEA5B7002E8BAE /* LoadingScene.cpp in Sources */ = {isa = PBXBuildFile; fileRef = 052EB2171EAEA59D002E8BAE /* LoadingScene.cpp */; };
		052EB2511EAEA5B7002E8BAE /* PathFinder.cpp in Sources */ = {isa = PBXBuildFile; fileRef = 052EB21B1EAEA59D002E8BAE /* PathFinder.cpp */; };
		052EB2521EAEA5B7002E8BAE /* SceneFactory.cpp in Sources */ = {isa = PBXBuildFile; fileRef = 052EB21D1EAEA59D002E8BAE /* SceneFactory.cpp */; };
		052EB2531EAEA5B7002E8BAE /* Tank.cpp in Sources */ = {isa = PBXBuildFile; fileRef = 052EB21F1EAEA59D002E8BAE /* Tank.cpp */; };
		052EB2541EAEA5B7002E8BAE /* TankAI.cpp in Sources */ = {isa = PBXBuildFile; fileRef = 052EB2211EAEA59D002E8BAE /* TankAI.cpp */; };
		052EB2551EAEA5B7002E8BAE /* TankManager.cpp in Sources */ = {isa = PBXBuildFile; fileRef = 052EB2231EAEA59D002E8BAE /* TankManager.cpp */; };
		052EB2561EAEA5B7002E8BAE /* TankMap.cpp in Sources */ = {isa = PBXBuildFile; fileRef = 052EB2251EAEA59D002E8BAE /* TankMap.cpp */; };
		052EB2571EAEA5B7002E8BAE /* JoyStick.cpp in Sources */ = {isa = PBXBuildFile; fileRef = 052EB2271EAEA59D002E8BAE /* JoyStick.cpp */; };
		052EB2671EAEA69D002E8BAE /* DialogLayer.cpp in Sources */ = {isa = PBXBuildFile; fileRef = 052EB2591EAEA69D002E8BAE /* DialogLayer.cpp */; };
		052EB26D1EAEA69D002E8BAE /* SoundManager.cpp in Sources */ = {isa = PBXBuildFile; fileRef = 052EB2651EAEA69D002E8BAE /* SoundManager.cpp */; };
		052EB26E1EAEA6A4002E8BAE /* DialogLayer.cpp in Sources */ = {isa = PBXBuildFile; fileRef = 052EB2591EAEA69D002E8BAE /* DialogLayer.cpp */; };
		052EB2741EAEA6A4002E8BAE /* SoundManager.cpp in Sources */ = {isa = PBXBuildFile; fileRef = 052EB2651EAEA69D002E8BAE /* SoundManager.cpp */; };
		052EB2D71EB00F8D002E8BAE /* RGameScene.cpp in Sources */ = {isa = PBXBuildFile; fileRef = 052EB2D51EB00F8D002E8BAE /* RGameScene.cpp */; };
		052EB2D81EB00F8D002E8BAE /* RGameScene.cpp in Sources */ = {isa = PBXBuildFile; fileRef = 052EB2D51EB00F8D002E8BAE /* RGameScene.cpp */; };
		052EB2DB1EB03D2F002E8BAE /* RPlayer.cpp in Sources */ = {isa = PBXBuildFile; fileRef = 052EB2D91EB03D2F002E8BAE /* RPlayer.cpp */; };
		052EB2DC1EB03D2F002E8BAE /* RPlayer.cpp in Sources */ = {isa = PBXBuildFile; fileRef = 052EB2D91EB03D2F002E8BAE /* RPlayer.cpp */; };
		052EB2DF1EB04E92002E8BAE /* PathFinder.cpp in Sources */ = {isa = PBXBuildFile; fileRef = 052EB2DD1EB04E92002E8BAE /* PathFinder.cpp */; };
		052EB2E01EB04E92002E8BAE /* PathFinder.cpp in Sources */ = {isa = PBXBuildFile; fileRef = 052EB2DD1EB04E92002E8BAE /* PathFinder.cpp */; };
		1AC6FB21180E996B004C840B /* libcocos2d Mac.a in Frameworks */ = {isa = PBXBuildFile; fileRef = 1AC6FAF9180E9839004C840B /* libcocos2d Mac.a */; };
		1AC6FB30180E99EB004C840B /* libcocos2d iOS.a in Frameworks */ = {isa = PBXBuildFile; fileRef = 1AC6FB07180E9839004C840B /* libcocos2d iOS.a */; };
		1D60589F0D05DD5A006BFB54 /* Foundation.framework in Frameworks */ = {isa = PBXBuildFile; fileRef = 1D30AB110D05D00D00671497 /* Foundation.framework */; };
		1DF5F4E00D08C38300B7A737 /* UIKit.framework in Frameworks */ = {isa = PBXBuildFile; fileRef = 1DF5F4DF0D08C38300B7A737 /* UIKit.framework */; };
		288765A50DF7441C002DB57D /* CoreGraphics.framework in Frameworks */ = {isa = PBXBuildFile; fileRef = 288765A40DF7441C002DB57D /* CoreGraphics.framework */; };
		3EACC98F19EE6D4300EB3C5E /* res in Resources */ = {isa = PBXBuildFile; fileRef = 3EACC98E19EE6D4300EB3C5E /* res */; };
		3EACC99019EE6D4300EB3C5E /* res in Resources */ = {isa = PBXBuildFile; fileRef = 3EACC98E19EE6D4300EB3C5E /* res */; };
		46880B7B19C43A67006E1F66 /* CloseNormal.png in Resources */ = {isa = PBXBuildFile; fileRef = 46880B7619C43A67006E1F66 /* CloseNormal.png */; };
		46880B7C19C43A67006E1F66 /* CloseNormal.png in Resources */ = {isa = PBXBuildFile; fileRef = 46880B7619C43A67006E1F66 /* CloseNormal.png */; };
		46880B7D19C43A67006E1F66 /* CloseSelected.png in Resources */ = {isa = PBXBuildFile; fileRef = 46880B7719C43A67006E1F66 /* CloseSelected.png */; };
		46880B7E19C43A67006E1F66 /* CloseSelected.png in Resources */ = {isa = PBXBuildFile; fileRef = 46880B7719C43A67006E1F66 /* CloseSelected.png */; };
		46880B8119C43A67006E1F66 /* HelloWorld.png in Resources */ = {isa = PBXBuildFile; fileRef = 46880B7A19C43A67006E1F66 /* HelloWorld.png */; };
		46880B8219C43A67006E1F66 /* HelloWorld.png in Resources */ = {isa = PBXBuildFile; fileRef = 46880B7A19C43A67006E1F66 /* HelloWorld.png */; };
		46880B8819C43A87006E1F66 /* AppDelegate.cpp in Sources */ = {isa = PBXBuildFile; fileRef = 46880B8419C43A87006E1F66 /* AppDelegate.cpp */; };
		46880B8919C43A87006E1F66 /* AppDelegate.cpp in Sources */ = {isa = PBXBuildFile; fileRef = 46880B8419C43A87006E1F66 /* AppDelegate.cpp */; };
		46880B8A19C43A87006E1F66 /* HelloWorldScene.cpp in Sources */ = {isa = PBXBuildFile; fileRef = 46880B8619C43A87006E1F66 /* HelloWorldScene.cpp */; };
		46880B8B19C43A87006E1F66 /* HelloWorldScene.cpp in Sources */ = {isa = PBXBuildFile; fileRef = 46880B8619C43A87006E1F66 /* HelloWorldScene.cpp */; };
		503AE0F817EB97AB00D1A890 /* Icon.icns in Resources */ = {isa = PBXBuildFile; fileRef = 503AE0F617EB97AB00D1A890 /* Icon.icns */; };
		503AE10017EB989F00D1A890 /* AppController.mm in Sources */ = {isa = PBXBuildFile; fileRef = 503AE0FB17EB989F00D1A890 /* AppController.mm */; };
		503AE10117EB989F00D1A890 /* main.m in Sources */ = {isa = PBXBuildFile; fileRef = 503AE0FC17EB989F00D1A890 /* main.m */; };
		503AE10217EB989F00D1A890 /* RootViewController.mm in Sources */ = {isa = PBXBuildFile; fileRef = 503AE0FF17EB989F00D1A890 /* RootViewController.mm */; };
		503AE10517EB98FF00D1A890 /* main.cpp in Sources */ = {isa = PBXBuildFile; fileRef = 503AE10317EB98FF00D1A890 /* main.cpp */; };
		503AE11B17EB9C5A00D1A890 /* IOKit.framework in Frameworks */ = {isa = PBXBuildFile; fileRef = 503AE11A17EB9C5A00D1A890 /* IOKit.framework */; };
		5087E76317EB910900C73F5D /* Foundation.framework in Frameworks */ = {isa = PBXBuildFile; fileRef = 1D30AB110D05D00D00671497 /* Foundation.framework */; };
		5087E76717EB910900C73F5D /* libz.dylib in Frameworks */ = {isa = PBXBuildFile; fileRef = BF170DB412928DE900B8313A /* libz.dylib */; };
		5087E76817EB910900C73F5D /* QuartzCore.framework in Frameworks */ = {isa = PBXBuildFile; fileRef = BF1C47EA1293683800B63C5D /* QuartzCore.framework */; };
		5087E76917EB910900C73F5D /* OpenAL.framework in Frameworks */ = {isa = PBXBuildFile; fileRef = D44C620B132DFF330009C878 /* OpenAL.framework */; };
		5087E76A17EB910900C73F5D /* AVFoundation.framework in Frameworks */ = {isa = PBXBuildFile; fileRef = D44C620D132DFF430009C878 /* AVFoundation.framework */; };
		5087E76B17EB910900C73F5D /* AudioToolbox.framework in Frameworks */ = {isa = PBXBuildFile; fileRef = D44C620F132DFF4E0009C878 /* AudioToolbox.framework */; };
		5087E77D17EB970100C73F5D /* Default-568h@2x.png in Resources */ = {isa = PBXBuildFile; fileRef = 5087E77217EB970100C73F5D /* Default-568h@2x.png */; };
		5087E77E17EB970100C73F5D /* Default.png in Resources */ = {isa = PBXBuildFile; fileRef = 5087E77317EB970100C73F5D /* Default.png */; };
		5087E77F17EB970100C73F5D /* Default@2x.png in Resources */ = {isa = PBXBuildFile; fileRef = 5087E77417EB970100C73F5D /* Default@2x.png */; };
		5087E78017EB970100C73F5D /* Icon-114.png in Resources */ = {isa = PBXBuildFile; fileRef = 5087E77517EB970100C73F5D /* Icon-114.png */; };
		5087E78117EB970100C73F5D /* Icon-120.png in Resources */ = {isa = PBXBuildFile; fileRef = 5087E77617EB970100C73F5D /* Icon-120.png */; };
		5087E78217EB970100C73F5D /* Icon-144.png in Resources */ = {isa = PBXBuildFile; fileRef = 5087E77717EB970100C73F5D /* Icon-144.png */; };
		5087E78317EB970100C73F5D /* Icon-152.png in Resources */ = {isa = PBXBuildFile; fileRef = 5087E77817EB970100C73F5D /* Icon-152.png */; };
		5087E78417EB970100C73F5D /* Icon-57.png in Resources */ = {isa = PBXBuildFile; fileRef = 5087E77917EB970100C73F5D /* Icon-57.png */; };
		5087E78517EB970100C73F5D /* Icon-72.png in Resources */ = {isa = PBXBuildFile; fileRef = 5087E77A17EB970100C73F5D /* Icon-72.png */; };
		5087E78617EB970100C73F5D /* Icon-76.png in Resources */ = {isa = PBXBuildFile; fileRef = 5087E77B17EB970100C73F5D /* Icon-76.png */; };
		5087E78917EB974C00C73F5D /* AppKit.framework in Frameworks */ = {isa = PBXBuildFile; fileRef = 5087E78817EB974C00C73F5D /* AppKit.framework */; };
		5087E78B17EB975400C73F5D /* OpenGL.framework in Frameworks */ = {isa = PBXBuildFile; fileRef = 5087E78A17EB975400C73F5D /* OpenGL.framework */; };
		50EF629617ECD46A001EB2F8 /* Icon-40.png in Resources */ = {isa = PBXBuildFile; fileRef = 50EF629217ECD46A001EB2F8 /* Icon-40.png */; };
		50EF629717ECD46A001EB2F8 /* Icon-58.png in Resources */ = {isa = PBXBuildFile; fileRef = 50EF629317ECD46A001EB2F8 /* Icon-58.png */; };
		50EF629817ECD46A001EB2F8 /* Icon-80.png in Resources */ = {isa = PBXBuildFile; fileRef = 50EF629417ECD46A001EB2F8 /* Icon-80.png */; };
		50EF629917ECD46A001EB2F8 /* Icon-100.png in Resources */ = {isa = PBXBuildFile; fileRef = 50EF629517ECD46A001EB2F8 /* Icon-100.png */; };
		50EF62A217ECD613001EB2F8 /* Icon-29.png in Resources */ = {isa = PBXBuildFile; fileRef = 50EF62A017ECD613001EB2F8 /* Icon-29.png */; };
		50EF62A317ECD613001EB2F8 /* Icon-50.png in Resources */ = {isa = PBXBuildFile; fileRef = 50EF62A117ECD613001EB2F8 /* Icon-50.png */; };
		521A8E6419F0C34300D177D7 /* Default-667h@2x.png in Resources */ = {isa = PBXBuildFile; fileRef = 521A8E6219F0C34300D177D7 /* Default-667h@2x.png */; };
		521A8E6519F0C34300D177D7 /* Default-736h@3x.png in Resources */ = {isa = PBXBuildFile; fileRef = 521A8E6319F0C34300D177D7 /* Default-736h@3x.png */; };
		521A8EA919F11F5000D177D7 /* fonts in Resources */ = {isa = PBXBuildFile; fileRef = 521A8EA819F11F5000D177D7 /* fonts */; };
		521A8EAA19F11F5000D177D7 /* fonts in Resources */ = {isa = PBXBuildFile; fileRef = 521A8EA819F11F5000D177D7 /* fonts */; };
		52B47A471A53D09C004E4C60 /* Security.framework in Frameworks */ = {isa = PBXBuildFile; fileRef = 52B47A461A53D09B004E4C60 /* Security.framework */; };
		8262943E1AAF051F00CB7CF7 /* Security.framework in Frameworks */ = {isa = PBXBuildFile; fileRef = 8262943D1AAF051F00CB7CF7 /* Security.framework */; };
		BF171245129291EC00B8313A /* OpenGLES.framework in Frameworks */ = {isa = PBXBuildFile; fileRef = BF170DB012928DE900B8313A /* OpenGLES.framework */; };
		BF1712471292920000B8313A /* libz.dylib in Frameworks */ = {isa = PBXBuildFile; fileRef = BF170DB412928DE900B8313A /* libz.dylib */; };
		BF1C47F01293687400B63C5D /* QuartzCore.framework in Frameworks */ = {isa = PBXBuildFile; fileRef = BF1C47EA1293683800B63C5D /* QuartzCore.framework */; };
		D44C620C132DFF330009C878 /* OpenAL.framework in Frameworks */ = {isa = PBXBuildFile; fileRef = D44C620B132DFF330009C878 /* OpenAL.framework */; };
		D44C620E132DFF430009C878 /* AVFoundation.framework in Frameworks */ = {isa = PBXBuildFile; fileRef = D44C620D132DFF430009C878 /* AVFoundation.framework */; };
		D44C6210132DFF4E0009C878 /* AudioToolbox.framework in Frameworks */ = {isa = PBXBuildFile; fileRef = D44C620F132DFF4E0009C878 /* AudioToolbox.framework */; };
		D6B0611B1803AB670077942B /* CoreMotion.framework in Frameworks */ = {isa = PBXBuildFile; fileRef = D6B0611A1803AB670077942B /* CoreMotion.framework */; };
		ED545A7C1B68A1F400C3958E /* libiconv.dylib in Frameworks */ = {isa = PBXBuildFile; fileRef = ED545A7B1B68A1F400C3958E /* libiconv.dylib */; };
		ED545A7E1B68A1FA00C3958E /* libiconv.dylib in Frameworks */ = {isa = PBXBuildFile; fileRef = ED545A7D1B68A1FA00C3958E /* libiconv.dylib */; };
/* End PBXBuildFile section */

/* Begin PBXContainerItemProxy section */
		052EB1F51EAE9EDD002E8BAE /* PBXContainerItemProxy */ = {
			isa = PBXContainerItemProxy;
			containerPortal = 1AC6FAE5180E9839004C840B /* cocos2d_libs.xcodeproj */;
			proxyType = 2;
			remoteGlobalIDString = 507B40FD1C31BDD30067B53E;
			remoteInfo = "libcocos2d tvOS";
		};
		1AC6FAF8180E9839004C840B /* PBXContainerItemProxy */ = {
			isa = PBXContainerItemProxy;
			containerPortal = 1AC6FAE5180E9839004C840B /* cocos2d_libs.xcodeproj */;
			proxyType = 2;
			remoteGlobalIDString = 1551A33F158F2AB200E66CFE;
			remoteInfo = "cocos2dx Mac";
		};
		1AC6FB06180E9839004C840B /* PBXContainerItemProxy */ = {
			isa = PBXContainerItemProxy;
			containerPortal = 1AC6FAE5180E9839004C840B /* cocos2d_libs.xcodeproj */;
			proxyType = 2;
			remoteGlobalIDString = A07A4D641783777C0073F6A7;
			remoteInfo = "cocos2dx iOS";
		};
		1AC6FB15180E9959004C840B /* PBXContainerItemProxy */ = {
			isa = PBXContainerItemProxy;
			containerPortal = 1AC6FAE5180E9839004C840B /* cocos2d_libs.xcodeproj */;
			proxyType = 1;
			remoteGlobalIDString = 1551A33E158F2AB200E66CFE;
			remoteInfo = "cocos2dx Mac";
		};
		1AC6FB24180E99E1004C840B /* PBXContainerItemProxy */ = {
			isa = PBXContainerItemProxy;
			containerPortal = 1AC6FAE5180E9839004C840B /* cocos2d_libs.xcodeproj */;
			proxyType = 1;
			remoteGlobalIDString = A07A4C241783777C0073F6A7;
			remoteInfo = "cocos2dx iOS";
		};
/* End PBXContainerItemProxy section */

/* Begin PBXFileReference section */
		052EB1F91EAEA59D002E8BAE /* Building.cpp */ = {isa = PBXFileReference; fileEncoding = 4; lastKnownFileType = sourcecode.cpp.cpp; name = Building.cpp; path = tankbattle/Building.cpp; sourceTree = "<group>"; };
		052EB1FA1EAEA59D002E8BAE /* Building.h */ = {isa = PBXFileReference; fileEncoding = 4; lastKnownFileType = sourcecode.c.h; name = Building.h; path = tankbattle/Building.h; sourceTree = "<group>"; };
		052EB1FB1EAEA59D002E8BAE /* GameScene.cpp */ = {isa = PBXFileReference; fileEncoding = 4; lastKnownFileType = sourcecode.cpp.cpp; name = GameScene.cpp; path = tankbattle/GameScene.cpp; sourceTree = "<group>"; };
		052EB1FC1EAEA59D002E8BAE /* GameScene.h */ = {isa = PBXFileReference; fileEncoding = 4; lastKnownFileType = sourcecode.c.h; name = GameScene.h; path = tankbattle/GameScene.h; sourceTree = "<group>"; };
		052EB1FD1EAEA59D002E8BAE /* HUDLayer.cpp */ = {isa = PBXFileReference; fileEncoding = 4; lastKnownFileType = sourcecode.cpp.cpp; name = HUDLayer.cpp; path = tankbattle/HUDLayer.cpp; sourceTree = "<group>"; };
		052EB1FE1EAEA59D002E8BAE /* HUDLayer.h */ = {isa = PBXFileReference; fileEncoding = 4; lastKnownFileType = sourcecode.c.h; name = HUDLayer.h; path = tankbattle/HUDLayer.h; sourceTree = "<group>"; };
		052EB1FF1EAEA59D002E8BAE /* PauseLayer.cpp */ = {isa = PBXFileReference; fileEncoding = 4; lastKnownFileType = sourcecode.cpp.cpp; name = PauseLayer.cpp; path = tankbattle/PauseLayer.cpp; sourceTree = "<group>"; };
		052EB2001EAEA59D002E8BAE /* PauseLayer.h */ = {isa = PBXFileReference; fileEncoding = 4; lastKnownFileType = sourcecode.c.h; name = PauseLayer.h; path = tankbattle/PauseLayer.h; sourceTree = "<group>"; };
		052EB2021EAEA59D002E8BAE /* AnimationHelper.cpp */ = {isa = PBXFileReference; fileEncoding = 4; lastKnownFileType = sourcecode.cpp.cpp; name = AnimationHelper.cpp; path = tankbattle/AnimationHelper.cpp; sourceTree = "<group>"; };
		052EB2031EAEA59D002E8BAE /* AnimationHelper.h */ = {isa = PBXFileReference; fileEncoding = 4; lastKnownFileType = sourcecode.c.h; name = AnimationHelper.h; path = tankbattle/AnimationHelper.h; sourceTree = "<group>"; };
		052EB2041EAEA59D002E8BAE /* Bullet.cpp */ = {isa = PBXFileReference; fileEncoding = 4; lastKnownFileType = sourcecode.cpp.cpp; name = Bullet.cpp; path = tankbattle/Bullet.cpp; sourceTree = "<group>"; };
		052EB2051EAEA59D002E8BAE /* Bullet.h */ = {isa = PBXFileReference; fileEncoding = 4; lastKnownFileType = sourcecode.c.h; name = Bullet.h; path = tankbattle/Bullet.h; sourceTree = "<group>"; };
		052EB2061EAEA59D002E8BAE /* BulletManager.cpp */ = {isa = PBXFileReference; fileEncoding = 4; lastKnownFileType = sourcecode.cpp.cpp; name = BulletManager.cpp; path = tankbattle/BulletManager.cpp; sourceTree = "<group>"; };
		052EB2071EAEA59D002E8BAE /* BulletManager.h */ = {isa = PBXFileReference; fileEncoding = 4; lastKnownFileType = sourcecode.c.h; name = BulletManager.h; path = tankbattle/BulletManager.h; sourceTree = "<group>"; };
		052EB2081EAEA59D002E8BAE /* constants.h */ = {isa = PBXFileReference; fileEncoding = 4; lastKnownFileType = sourcecode.c.h; name = constants.h; path = tankbattle/constants.h; sourceTree = "<group>"; };
		052EB2091EAEA59D002E8BAE /* CountdownLayer.cpp */ = {isa = PBXFileReference; fileEncoding = 4; lastKnownFileType = sourcecode.cpp.cpp; name = CountdownLayer.cpp; path = tankbattle/CountdownLayer.cpp; sourceTree = "<group>"; };
		052EB20A1EAEA59D002E8BAE /* CountdownLayer.h */ = {isa = PBXFileReference; fileEncoding = 4; lastKnownFileType = sourcecode.c.h; name = CountdownLayer.h; path = tankbattle/CountdownLayer.h; sourceTree = "<group>"; };
		052EB20B1EAEA59D002E8BAE /* GameLose.cpp */ = {isa = PBXFileReference; fileEncoding = 4; lastKnownFileType = sourcecode.cpp.cpp; name = GameLose.cpp; path = tankbattle/GameLose.cpp; sourceTree = "<group>"; };
		052EB20C1EAEA59D002E8BAE /* GameLose.h */ = {isa = PBXFileReference; fileEncoding = 4; lastKnownFileType = sourcecode.c.h; name = GameLose.h; path = tankbattle/GameLose.h; sourceTree = "<group>"; };
		052EB20D1EAEA59D002E8BAE /* GameManager.cpp */ = {isa = PBXFileReference; fileEncoding = 4; lastKnownFileType = sourcecode.cpp.cpp; name = GameManager.cpp; path = tankbattle/GameManager.cpp; sourceTree = "<group>"; };
		052EB20E1EAEA59D002E8BAE /* GameManager.h */ = {isa = PBXFileReference; fileEncoding = 4; lastKnownFileType = sourcecode.c.h; name = GameManager.h; path = tankbattle/GameManager.h; sourceTree = "<group>"; };
		052EB20F1EAEA59D002E8BAE /* GameWinLayer.cpp */ = {isa = PBXFileReference; fileEncoding = 4; lastKnownFileType = sourcecode.cpp.cpp; name = GameWinLayer.cpp; path = tankbattle/GameWinLayer.cpp; sourceTree = "<group>"; };
		052EB2101EAEA59D002E8BAE /* GameWinLayer.h */ = {isa = PBXFileReference; fileEncoding = 4; lastKnownFileType = sourcecode.c.h; name = GameWinLayer.h; path = tankbattle/GameWinLayer.h; sourceTree = "<group>"; };
		052EB2131EAEA59D002E8BAE /* LevelEnterDialog.cpp */ = {isa = PBXFileReference; fileEncoding = 4; lastKnownFileType = sourcecode.cpp.cpp; name = LevelEnterDialog.cpp; path = tankbattle/LevelEnterDialog.cpp; sourceTree = "<group>"; };
		052EB2141EAEA59D002E8BAE /* LevelEnterDialog.h */ = {isa = PBXFileReference; fileEncoding = 4; lastKnownFileType = sourcecode.c.h; name = LevelEnterDialog.h; path = tankbattle/LevelEnterDialog.h; sourceTree = "<group>"; };
		052EB2151EAEA59D002E8BAE /* LevelScene.cpp */ = {isa = PBXFileReference; fileEncoding = 4; lastKnownFileType = sourcecode.cpp.cpp; name = LevelScene.cpp; path = tankbattle/LevelScene.cpp; sourceTree = "<group>"; };
		052EB2161EAEA59D002E8BAE /* LevelScene.h */ = {isa = PBXFileReference; fileEncoding = 4; lastKnownFileType = sourcecode.c.h; name = LevelScene.h; path = tankbattle/LevelScene.h; sourceTree = "<group>"; };
		052EB2171EAEA59D002E8BAE /* LoadingScene.cpp */ = {isa = PBXFileReference; fileEncoding = 4; lastKnownFileType = sourcecode.cpp.cpp; name = LoadingScene.cpp; path = tankbattle/LoadingScene.cpp; sourceTree = "<group>"; };
		052EB2181EAEA59D002E8BAE /* LoadingScene.h */ = {isa = PBXFileReference; fileEncoding = 4; lastKnownFileType = sourcecode.c.h; name = LoadingScene.h; path = tankbattle/LoadingScene.h; sourceTree = "<group>"; };
		052EB21B1EAEA59D002E8BAE /* PathFinder.cpp */ = {isa = PBXFileReference; fileEncoding = 4; lastKnownFileType = sourcecode.cpp.cpp; name = PathFinder.cpp; path = tankbattle/PathFinder.cpp; sourceTree = "<group>"; };
		052EB21C1EAEA59D002E8BAE /* PathFinder.h */ = {isa = PBXFileReference; fileEncoding = 4; lastKnownFileType = sourcecode.c.h; name = PathFinder.h; path = tankbattle/PathFinder.h; sourceTree = "<group>"; };
		052EB21D1EAEA59D002E8BAE /* SceneFactory.cpp */ = {isa = PBXFileReference; fileEncoding = 4; lastKnownFileType = sourcecode.cpp.cpp; name = SceneFactory.cpp; path = tankbattle/SceneFactory.cpp; sourceTree = "<group>"; };
		052EB21E1EAEA59D002E8BAE /* SceneFactory.h */ = {isa = PBXFileReference; fileEncoding = 4; lastKnownFileType = sourcecode.c.h; name = SceneFactory.h; path = tankbattle/SceneFactory.h; sourceTree = "<group>"; };
		052EB21F1EAEA59D002E8BAE /* Tank.cpp */ = {isa = PBXFileReference; fileEncoding = 4; lastKnownFileType = sourcecode.cpp.cpp; name = Tank.cpp; path = tankbattle/Tank.cpp; sourceTree = "<group>"; };
		052EB2201EAEA59D002E8BAE /* Tank.h */ = {isa = PBXFileReference; fileEncoding = 4; lastKnownFileType = sourcecode.c.h; name = Tank.h; path = tankbattle/Tank.h; sourceTree = "<group>"; };
		052EB2211EAEA59D002E8BAE /* TankAI.cpp */ = {isa = PBXFileReference; fileEncoding = 4; lastKnownFileType = sourcecode.cpp.cpp; name = TankAI.cpp; path = tankbattle/TankAI.cpp; sourceTree = "<group>"; };
		052EB2221EAEA59D002E8BAE /* TankAI.h */ = {isa = PBXFileReference; fileEncoding = 4; lastKnownFileType = sourcecode.c.h; name = TankAI.h; path = tankbattle/TankAI.h; sourceTree = "<group>"; };
		052EB2231EAEA59D002E8BAE /* TankManager.cpp */ = {isa = PBXFileReference; fileEncoding = 4; lastKnownFileType = sourcecode.cpp.cpp; name = TankManager.cpp; path = tankbattle/TankManager.cpp; sourceTree = "<group>"; };
		052EB2241EAEA59D002E8BAE /* TankManager.h */ = {isa = PBXFileReference; fileEncoding = 4; lastKnownFileType = sourcecode.c.h; name = TankManager.h; path = tankbattle/TankManager.h; sourceTree = "<group>"; };
		052EB2251EAEA59D002E8BAE /* TankMap.cpp */ = {isa = PBXFileReference; fileEncoding = 4; lastKnownFileType = sourcecode.cpp.cpp; name = TankMap.cpp; path = tankbattle/TankMap.cpp; sourceTree = "<group>"; };
		052EB2261EAEA59D002E8BAE /* TankMap.h */ = {isa = PBXFileReference; fileEncoding = 4; lastKnownFileType = sourcecode.c.h; name = TankMap.h; path = tankbattle/TankMap.h; sourceTree = "<group>"; };
		052EB2271EAEA59D002E8BAE /* JoyStick.cpp */ = {isa = PBXFileReference; fileEncoding = 4; lastKnownFileType = sourcecode.cpp.cpp; name = JoyStick.cpp; path = tankbattle/JoyStick.cpp; sourceTree = "<group>"; };
		052EB2281EAEA59D002E8BAE /* Joystick.h */ = {isa = PBXFileReference; fileEncoding = 4; lastKnownFileType = sourcecode.c.h; name = Joystick.h; path = tankbattle/Joystick.h; sourceTree = "<group>"; };
		052EB2591EAEA69D002E8BAE /* DialogLayer.cpp */ = {isa = PBXFileReference; fileEncoding = 4; lastKnownFileType = sourcecode.cpp.cpp; name = DialogLayer.cpp; path = tankbattle/utils/DialogLayer.cpp; sourceTree = "<group>"; };
		052EB25A1EAEA69D002E8BAE /* DialogLayer.h */ = {isa = PBXFileReference; fileEncoding = 4; lastKnownFileType = sourcecode.c.h; name = DialogLayer.h; path = tankbattle/utils/DialogLayer.h; sourceTree = "<group>"; };
		052EB2651EAEA69D002E8BAE /* SoundManager.cpp */ = {isa = PBXFileReference; fileEncoding = 4; lastKnownFileType = sourcecode.cpp.cpp; name = SoundManager.cpp; path = tankbattle/utils/SoundManager.cpp; sourceTree = "<group>"; };
		052EB2661EAEA69D002E8BAE /* SoundManager.h */ = {isa = PBXFileReference; fileEncoding = 4; lastKnownFileType = sourcecode.c.h; name = SoundManager.h; path = tankbattle/utils/SoundManager.h; sourceTree = "<group>"; };
		052EB2D51EB00F8D002E8BAE /* RGameScene.cpp */ = {isa = PBXFileReference; fileEncoding = 4; lastKnownFileType = sourcecode.cpp.cpp; name = RGameScene.cpp; path = rpg/RGameScene.cpp; sourceTree = "<group>"; };
		052EB2D61EB00F8D002E8BAE /* RGameScene.h */ = {isa = PBXFileReference; fileEncoding = 4; lastKnownFileType = sourcecode.c.h; name = RGameScene.h; path = rpg/RGameScene.h; sourceTree = "<group>"; };
		052EB2D91EB03D2F002E8BAE /* RPlayer.cpp */ = {isa = PBXFileReference; fileEncoding = 4; lastKnownFileType = sourcecode.cpp.cpp; name = RPlayer.cpp; path = rpg/RPlayer.cpp; sourceTree = "<group>"; };
		052EB2DA1EB03D2F002E8BAE /* RPlayer.h */ = {isa = PBXFileReference; fileEncoding = 4; lastKnownFileType = sourcecode.c.h; name = RPlayer.h; path = rpg/RPlayer.h; sourceTree = "<group>"; };
		052EB2DD1EB04E92002E8BAE /* PathFinder.cpp */ = {isa = PBXFileReference; fileEncoding = 4; lastKnownFileType = sourcecode.cpp.cpp; name = PathFinder.cpp; path = rpg/PathFinder.cpp; sourceTree = "<group>"; };
		052EB2DE1EB04E92002E8BAE /* PathFinder.h */ = {isa = PBXFileReference; fileEncoding = 4; lastKnownFileType = sourcecode.c.h; name = PathFinder.h; path = rpg/PathFinder.h; sourceTree = "<group>"; };
		1AC6FAE5180E9839004C840B /* cocos2d_libs.xcodeproj */ = {isa = PBXFileReference; lastKnownFileType = "wrapper.pb-project"; name = cocos2d_libs.xcodeproj; path = ../cocos2d/build/cocos2d_libs.xcodeproj; sourceTree = "<group>"; };
		1ACB3243164770DE00914215 /* libcurl.a */ = {isa = PBXFileReference; lastKnownFileType = archive.ar; name = libcurl.a; path = ../../cocos2dx/platform/third_party/ios/libraries/libcurl.a; sourceTree = "<group>"; };
		1D30AB110D05D00D00671497 /* Foundation.framework */ = {isa = PBXFileReference; lastKnownFileType = wrapper.framework; name = Foundation.framework; path = System/Library/Frameworks/Foundation.framework; sourceTree = SDKROOT; };
		1D6058910D05DD3D006BFB54 /* DemoAStar-mobile.app */ = {isa = PBXFileReference; explicitFileType = wrapper.application; includeInIndex = 0; path = "DemoAStar-mobile.app"; sourceTree = BUILT_PRODUCTS_DIR; };
		1DF5F4DF0D08C38300B7A737 /* UIKit.framework */ = {isa = PBXFileReference; lastKnownFileType = wrapper.framework; name = UIKit.framework; path = System/Library/Frameworks/UIKit.framework; sourceTree = SDKROOT; };
		288765A40DF7441C002DB57D /* CoreGraphics.framework */ = {isa = PBXFileReference; lastKnownFileType = wrapper.framework; name = CoreGraphics.framework; path = System/Library/Frameworks/CoreGraphics.framework; sourceTree = SDKROOT; };
		3EACC98E19EE6D4300EB3C5E /* res */ = {isa = PBXFileReference; lastKnownFileType = folder; path = res; sourceTree = "<group>"; };
		46880B7619C43A67006E1F66 /* CloseNormal.png */ = {isa = PBXFileReference; lastKnownFileType = image.png; path = CloseNormal.png; sourceTree = "<group>"; };
		46880B7719C43A67006E1F66 /* CloseSelected.png */ = {isa = PBXFileReference; lastKnownFileType = image.png; path = CloseSelected.png; sourceTree = "<group>"; };
		46880B7A19C43A67006E1F66 /* HelloWorld.png */ = {isa = PBXFileReference; lastKnownFileType = image.png; path = HelloWorld.png; sourceTree = "<group>"; };
		46880B8419C43A87006E1F66 /* AppDelegate.cpp */ = {isa = PBXFileReference; fileEncoding = 4; lastKnownFileType = sourcecode.cpp.cpp; path = AppDelegate.cpp; sourceTree = "<group>"; };
		46880B8519C43A87006E1F66 /* AppDelegate.h */ = {isa = PBXFileReference; fileEncoding = 4; lastKnownFileType = sourcecode.c.h; path = AppDelegate.h; sourceTree = "<group>"; };
		46880B8619C43A87006E1F66 /* HelloWorldScene.cpp */ = {isa = PBXFileReference; fileEncoding = 4; lastKnownFileType = sourcecode.cpp.cpp; path = HelloWorldScene.cpp; sourceTree = "<group>"; };
		46880B8719C43A87006E1F66 /* HelloWorldScene.h */ = {isa = PBXFileReference; fileEncoding = 4; lastKnownFileType = sourcecode.c.h; path = HelloWorldScene.h; sourceTree = "<group>"; };
		503AE0F617EB97AB00D1A890 /* Icon.icns */ = {isa = PBXFileReference; lastKnownFileType = image.icns; path = Icon.icns; sourceTree = "<group>"; };
		503AE0F717EB97AB00D1A890 /* Info.plist */ = {isa = PBXFileReference; fileEncoding = 4; lastKnownFileType = text.plist.xml; path = Info.plist; sourceTree = "<group>"; };
		503AE0FA17EB989F00D1A890 /* AppController.h */ = {isa = PBXFileReference; fileEncoding = 4; lastKnownFileType = sourcecode.c.h; name = AppController.h; path = ios/AppController.h; sourceTree = SOURCE_ROOT; };
		503AE0FB17EB989F00D1A890 /* AppController.mm */ = {isa = PBXFileReference; fileEncoding = 4; lastKnownFileType = sourcecode.cpp.objcpp; name = AppController.mm; path = ios/AppController.mm; sourceTree = SOURCE_ROOT; };
		503AE0FC17EB989F00D1A890 /* main.m */ = {isa = PBXFileReference; fileEncoding = 4; lastKnownFileType = sourcecode.c.objc; name = main.m; path = ios/main.m; sourceTree = SOURCE_ROOT; };
		503AE0FD17EB989F00D1A890 /* Prefix.pch */ = {isa = PBXFileReference; fileEncoding = 4; lastKnownFileType = sourcecode.c.h; name = Prefix.pch; path = ios/Prefix.pch; sourceTree = SOURCE_ROOT; };
		503AE0FE17EB989F00D1A890 /* RootViewController.h */ = {isa = PBXFileReference; fileEncoding = 4; lastKnownFileType = sourcecode.c.h; name = RootViewController.h; path = ios/RootViewController.h; sourceTree = SOURCE_ROOT; };
		503AE0FF17EB989F00D1A890 /* RootViewController.mm */ = {isa = PBXFileReference; fileEncoding = 4; lastKnownFileType = sourcecode.cpp.objcpp; name = RootViewController.mm; path = ios/RootViewController.mm; sourceTree = SOURCE_ROOT; };
		503AE10317EB98FF00D1A890 /* main.cpp */ = {isa = PBXFileReference; fileEncoding = 4; lastKnownFileType = sourcecode.cpp.cpp; name = main.cpp; path = mac/main.cpp; sourceTree = "<group>"; };
		503AE10417EB98FF00D1A890 /* Prefix.pch */ = {isa = PBXFileReference; fileEncoding = 4; lastKnownFileType = sourcecode.c.h; name = Prefix.pch; path = mac/Prefix.pch; sourceTree = "<group>"; };
		503AE11117EB99EE00D1A890 /* libcurl.dylib */ = {isa = PBXFileReference; lastKnownFileType = "compiled.mach-o.dylib"; name = libcurl.dylib; path = usr/lib/libcurl.dylib; sourceTree = SDKROOT; };
		503AE11A17EB9C5A00D1A890 /* IOKit.framework */ = {isa = PBXFileReference; lastKnownFileType = wrapper.framework; name = IOKit.framework; path = System/Library/Frameworks/IOKit.framework; sourceTree = SDKROOT; };
		5087E76F17EB910900C73F5D /* DemoAStar-desktop.app */ = {isa = PBXFileReference; explicitFileType = wrapper.application; includeInIndex = 0; path = "DemoAStar-desktop.app"; sourceTree = BUILT_PRODUCTS_DIR; };
		5087E77217EB970100C73F5D /* Default-568h@2x.png */ = {isa = PBXFileReference; lastKnownFileType = image.png; path = "Default-568h@2x.png"; sourceTree = "<group>"; };
		5087E77317EB970100C73F5D /* Default.png */ = {isa = PBXFileReference; lastKnownFileType = image.png; path = Default.png; sourceTree = "<group>"; };
		5087E77417EB970100C73F5D /* Default@2x.png */ = {isa = PBXFileReference; lastKnownFileType = image.png; path = "Default@2x.png"; sourceTree = "<group>"; };
		5087E77517EB970100C73F5D /* Icon-114.png */ = {isa = PBXFileReference; lastKnownFileType = image.png; path = "Icon-114.png"; sourceTree = "<group>"; };
		5087E77617EB970100C73F5D /* Icon-120.png */ = {isa = PBXFileReference; lastKnownFileType = image.png; path = "Icon-120.png"; sourceTree = "<group>"; };
		5087E77717EB970100C73F5D /* Icon-144.png */ = {isa = PBXFileReference; lastKnownFileType = image.png; path = "Icon-144.png"; sourceTree = "<group>"; };
		5087E77817EB970100C73F5D /* Icon-152.png */ = {isa = PBXFileReference; lastKnownFileType = image.png; path = "Icon-152.png"; sourceTree = "<group>"; };
		5087E77917EB970100C73F5D /* Icon-57.png */ = {isa = PBXFileReference; lastKnownFileType = image.png; path = "Icon-57.png"; sourceTree = "<group>"; };
		5087E77A17EB970100C73F5D /* Icon-72.png */ = {isa = PBXFileReference; lastKnownFileType = image.png; path = "Icon-72.png"; sourceTree = "<group>"; };
		5087E77B17EB970100C73F5D /* Icon-76.png */ = {isa = PBXFileReference; lastKnownFileType = image.png; path = "Icon-76.png"; sourceTree = "<group>"; };
		5087E77C17EB970100C73F5D /* Info.plist */ = {isa = PBXFileReference; fileEncoding = 4; lastKnownFileType = text.plist.xml; path = Info.plist; sourceTree = "<group>"; };
		5087E78817EB974C00C73F5D /* AppKit.framework */ = {isa = PBXFileReference; lastKnownFileType = wrapper.framework; name = AppKit.framework; path = System/Library/Frameworks/AppKit.framework; sourceTree = SDKROOT; };
		5087E78A17EB975400C73F5D /* OpenGL.framework */ = {isa = PBXFileReference; lastKnownFileType = wrapper.framework; name = OpenGL.framework; path = System/Library/Frameworks/OpenGL.framework; sourceTree = SDKROOT; };
		50EF629217ECD46A001EB2F8 /* Icon-40.png */ = {isa = PBXFileReference; lastKnownFileType = image.png; path = "Icon-40.png"; sourceTree = "<group>"; };
		50EF629317ECD46A001EB2F8 /* Icon-58.png */ = {isa = PBXFileReference; lastKnownFileType = image.png; path = "Icon-58.png"; sourceTree = "<group>"; };
		50EF629417ECD46A001EB2F8 /* Icon-80.png */ = {isa = PBXFileReference; lastKnownFileType = image.png; path = "Icon-80.png"; sourceTree = "<group>"; };
		50EF629517ECD46A001EB2F8 /* Icon-100.png */ = {isa = PBXFileReference; lastKnownFileType = image.png; path = "Icon-100.png"; sourceTree = "<group>"; };
		50EF62A017ECD613001EB2F8 /* Icon-29.png */ = {isa = PBXFileReference; lastKnownFileType = image.png; path = "Icon-29.png"; sourceTree = "<group>"; };
		50EF62A117ECD613001EB2F8 /* Icon-50.png */ = {isa = PBXFileReference; lastKnownFileType = image.png; path = "Icon-50.png"; sourceTree = "<group>"; };
		521A8E6219F0C34300D177D7 /* Default-667h@2x.png */ = {isa = PBXFileReference; lastKnownFileType = image.png; path = "Default-667h@2x.png"; sourceTree = "<group>"; };
		521A8E6319F0C34300D177D7 /* Default-736h@3x.png */ = {isa = PBXFileReference; lastKnownFileType = image.png; path = "Default-736h@3x.png"; sourceTree = "<group>"; };
		521A8EA819F11F5000D177D7 /* fonts */ = {isa = PBXFileReference; lastKnownFileType = folder; path = fonts; sourceTree = "<group>"; };
		52B47A461A53D09B004E4C60 /* Security.framework */ = {isa = PBXFileReference; lastKnownFileType = wrapper.framework; name = Security.framework; path = Platforms/iPhoneOS.platform/Developer/SDKs/iPhoneOS8.1.sdk/System/Library/Frameworks/Security.framework; sourceTree = DEVELOPER_DIR; };
		8262943D1AAF051F00CB7CF7 /* Security.framework */ = {isa = PBXFileReference; lastKnownFileType = wrapper.framework; name = Security.framework; path = System/Library/Frameworks/Security.framework; sourceTree = SDKROOT; };
		BF170DB012928DE900B8313A /* OpenGLES.framework */ = {isa = PBXFileReference; lastKnownFileType = wrapper.framework; name = OpenGLES.framework; path = System/Library/Frameworks/OpenGLES.framework; sourceTree = SDKROOT; };
		BF170DB412928DE900B8313A /* libz.dylib */ = {isa = PBXFileReference; lastKnownFileType = "compiled.mach-o.dylib"; name = libz.dylib; path = usr/lib/libz.dylib; sourceTree = SDKROOT; };
		BF1C47EA1293683800B63C5D /* QuartzCore.framework */ = {isa = PBXFileReference; lastKnownFileType = wrapper.framework; name = QuartzCore.framework; path = System/Library/Frameworks/QuartzCore.framework; sourceTree = SDKROOT; };
		D44C620B132DFF330009C878 /* OpenAL.framework */ = {isa = PBXFileReference; lastKnownFileType = wrapper.framework; name = OpenAL.framework; path = System/Library/Frameworks/OpenAL.framework; sourceTree = SDKROOT; };
		D44C620D132DFF430009C878 /* AVFoundation.framework */ = {isa = PBXFileReference; lastKnownFileType = wrapper.framework; name = AVFoundation.framework; path = System/Library/Frameworks/AVFoundation.framework; sourceTree = SDKROOT; };
		D44C620F132DFF4E0009C878 /* AudioToolbox.framework */ = {isa = PBXFileReference; lastKnownFileType = wrapper.framework; name = AudioToolbox.framework; path = System/Library/Frameworks/AudioToolbox.framework; sourceTree = SDKROOT; };
		D6B0611A1803AB670077942B /* CoreMotion.framework */ = {isa = PBXFileReference; lastKnownFileType = wrapper.framework; name = CoreMotion.framework; path = Platforms/iPhoneOS.platform/Developer/SDKs/iPhoneOS7.0.sdk/System/Library/Frameworks/CoreMotion.framework; sourceTree = DEVELOPER_DIR; };
		ED545A7B1B68A1F400C3958E /* libiconv.dylib */ = {isa = PBXFileReference; lastKnownFileType = "compiled.mach-o.dylib"; name = libiconv.dylib; path = Platforms/iPhoneOS.platform/Developer/SDKs/iPhoneOS8.4.sdk/usr/lib/libiconv.dylib; sourceTree = DEVELOPER_DIR; };
		ED545A7D1B68A1FA00C3958E /* libiconv.dylib */ = {isa = PBXFileReference; lastKnownFileType = "compiled.mach-o.dylib"; name = libiconv.dylib; path = usr/lib/libiconv.dylib; sourceTree = SDKROOT; };
/* End PBXFileReference section */

/* Begin PBXFrameworksBuildPhase section */
		1D60588F0D05DD3D006BFB54 /* Frameworks */ = {
			isa = PBXFrameworksBuildPhase;
			buildActionMask = 2147483647;
			files = (
				ED545A7C1B68A1F400C3958E /* libiconv.dylib in Frameworks */,
				52B47A471A53D09C004E4C60 /* Security.framework in Frameworks */,
				1AC6FB30180E99EB004C840B /* libcocos2d iOS.a in Frameworks */,
				D6B0611B1803AB670077942B /* CoreMotion.framework in Frameworks */,
				1D60589F0D05DD5A006BFB54 /* Foundation.framework in Frameworks */,
				1DF5F4E00D08C38300B7A737 /* UIKit.framework in Frameworks */,
				288765A50DF7441C002DB57D /* CoreGraphics.framework in Frameworks */,
				BF171245129291EC00B8313A /* OpenGLES.framework in Frameworks */,
				BF1712471292920000B8313A /* libz.dylib in Frameworks */,
				BF1C47F01293687400B63C5D /* QuartzCore.framework in Frameworks */,
				D44C620C132DFF330009C878 /* OpenAL.framework in Frameworks */,
				D44C620E132DFF430009C878 /* AVFoundation.framework in Frameworks */,
				D44C6210132DFF4E0009C878 /* AudioToolbox.framework in Frameworks */,
			);
			runOnlyForDeploymentPostprocessing = 0;
		};
		5087E75C17EB910900C73F5D /* Frameworks */ = {
			isa = PBXFrameworksBuildPhase;
			buildActionMask = 2147483647;
			files = (
				ED545A7E1B68A1FA00C3958E /* libiconv.dylib in Frameworks */,
				1AC6FB21180E996B004C840B /* libcocos2d Mac.a in Frameworks */,
				5087E76717EB910900C73F5D /* libz.dylib in Frameworks */,
				8262943E1AAF051F00CB7CF7 /* Security.framework in Frameworks */,
				503AE11B17EB9C5A00D1A890 /* IOKit.framework in Frameworks */,
				5087E78B17EB975400C73F5D /* OpenGL.framework in Frameworks */,
				5087E78917EB974C00C73F5D /* AppKit.framework in Frameworks */,
				5087E76317EB910900C73F5D /* Foundation.framework in Frameworks */,
				5087E76817EB910900C73F5D /* QuartzCore.framework in Frameworks */,
				5087E76917EB910900C73F5D /* OpenAL.framework in Frameworks */,
				5087E76A17EB910900C73F5D /* AVFoundation.framework in Frameworks */,
				5087E76B17EB910900C73F5D /* AudioToolbox.framework in Frameworks */,
			);
			runOnlyForDeploymentPostprocessing = 0;
		};
/* End PBXFrameworksBuildPhase section */

/* Begin PBXGroup section */
		052EB1F81EAEA58F002E8BAE /* tankbattle */ = {
			isa = PBXGroup;
			children = (
				052EB2771EAEAFAE002E8BAE /* core */,
				052EB2761EAEAFAA002E8BAE /* ui */,
				052EB2581EAEA687002E8BAE /* utils */,
			);
			name = tankbattle;
			sourceTree = "<group>";
		};
		052EB2581EAEA687002E8BAE /* utils */ = {
			isa = PBXGroup;
			children = (
				052EB2591EAEA69D002E8BAE /* DialogLayer.cpp */,
				052EB25A1EAEA69D002E8BAE /* DialogLayer.h */,
				052EB2651EAEA69D002E8BAE /* SoundManager.cpp */,
				052EB2661EAEA69D002E8BAE /* SoundManager.h */,
			);
			name = utils;
			sourceTree = "<group>";
		};
		052EB2751EAEAA78002E8BAE /* rpg2.5d */ = {
			isa = PBXGroup;
			children = (
				052EB2D01EB00F6E002E8BAE /* core */,
				052EB2CF1EB00F68002E8BAE /* ui */,
			);
			name = rpg2.5d;
			sourceTree = "<group>";
		};
		052EB2761EAEAFAA002E8BAE /* ui */ = {
			isa = PBXGroup;
			children = (
				052EB1FB1EAEA59D002E8BAE /* GameScene.cpp */,
				052EB1FC1EAEA59D002E8BAE /* GameScene.h */,
				052EB1FD1EAEA59D002E8BAE /* HUDLayer.cpp */,
				052EB1FE1EAEA59D002E8BAE /* HUDLayer.h */,
				052EB1FF1EAEA59D002E8BAE /* PauseLayer.cpp */,
				052EB2001EAEA59D002E8BAE /* PauseLayer.h */,
				052EB2021EAEA59D002E8BAE /* AnimationHelper.cpp */,
				052EB2031EAEA59D002E8BAE /* AnimationHelper.h */,
				052EB2091EAEA59D002E8BAE /* CountdownLayer.cpp */,
				052EB20A1EAEA59D002E8BAE /* CountdownLayer.h */,
				052EB20B1EAEA59D002E8BAE /* GameLose.cpp */,
				052EB20C1EAEA59D002E8BAE /* GameLose.h */,
				052EB20F1EAEA59D002E8BAE /* GameWinLayer.cpp */,
				052EB2101EAEA59D002E8BAE /* GameWinLayer.h */,
				052EB2131EAEA59D002E8BAE /* LevelEnterDialog.cpp */,
				052EB2141EAEA59D002E8BAE /* LevelEnterDialog.h */,
				052EB2151EAEA59D002E8BAE /* LevelScene.cpp */,
				052EB2161EAEA59D002E8BAE /* LevelScene.h */,
				052EB2171EAEA59D002E8BAE /* LoadingScene.cpp */,
				052EB2181EAEA59D002E8BAE /* LoadingScene.h */,
				052EB21D1EAEA59D002E8BAE /* SceneFactory.cpp */,
				052EB21E1EAEA59D002E8BAE /* SceneFactory.h */,
				052EB2271EAEA59D002E8BAE /* JoyStick.cpp */,
				052EB2281EAEA59D002E8BAE /* Joystick.h */,
			);
			name = ui;
			sourceTree = "<group>";
		};
		052EB2771EAEAFAE002E8BAE /* core */ = {
			isa = PBXGroup;
			children = (
				052EB1F91EAEA59D002E8BAE /* Building.cpp */,
				052EB1FA1EAEA59D002E8BAE /* Building.h */,
				052EB2041EAEA59D002E8BAE /* Bullet.cpp */,
				052EB2051EAEA59D002E8BAE /* Bullet.h */,
				052EB2061EAEA59D002E8BAE /* BulletManager.cpp */,
				052EB2071EAEA59D002E8BAE /* BulletManager.h */,
				052EB2081EAEA59D002E8BAE /* constants.h */,
				052EB20D1EAEA59D002E8BAE /* GameManager.cpp */,
				052EB20E1EAEA59D002E8BAE /* GameManager.h */,
				052EB21B1EAEA59D002E8BAE /* PathFinder.cpp */,
				052EB21C1EAEA59D002E8BAE /* PathFinder.h */,
				052EB21F1EAEA59D002E8BAE /* Tank.cpp */,
				052EB2201EAEA59D002E8BAE /* Tank.h */,
				052EB2211EAEA59D002E8BAE /* TankAI.cpp */,
				052EB2221EAEA59D002E8BAE /* TankAI.h */,
				052EB2231EAEA59D002E8BAE /* TankManager.cpp */,
				052EB2241EAEA59D002E8BAE /* TankManager.h */,
				052EB2251EAEA59D002E8BAE /* TankMap.cpp */,
				052EB2261EAEA59D002E8BAE /* TankMap.h */,
			);
			name = core;
			sourceTree = "<group>";
		};
		052EB2CF1EB00F68002E8BAE /* ui */ = {
			isa = PBXGroup;
			children = (
				052EB2D51EB00F8D002E8BAE /* RGameScene.cpp */,
				052EB2D61EB00F8D002E8BAE /* RGameScene.h */,
			);
			name = ui;
			sourceTree = "<group>";
		};
		052EB2D01EB00F6E002E8BAE /* core */ = {
			isa = PBXGroup;
			children = (
				052EB2DD1EB04E92002E8BAE /* PathFinder.cpp */,
				052EB2DE1EB04E92002E8BAE /* PathFinder.h */,
				052EB2D91EB03D2F002E8BAE /* RPlayer.cpp */,
				052EB2DA1EB03D2F002E8BAE /* RPlayer.h */,
			);
			name = core;
			sourceTree = "<group>";
		};
		080E96DDFE201D6D7F000001 /* ios */ = {
			isa = PBXGroup;
			children = (
				5087E77117EB970100C73F5D /* Icons */,
				503AE0FA17EB989F00D1A890 /* AppController.h */,
				503AE0FB17EB989F00D1A890 /* AppController.mm */,
				503AE0FC17EB989F00D1A890 /* main.m */,
				503AE0FD17EB989F00D1A890 /* Prefix.pch */,
				503AE0FE17EB989F00D1A890 /* RootViewController.h */,
				503AE0FF17EB989F00D1A890 /* RootViewController.mm */,
			);
			name = ios;
			path = Classes;
			sourceTree = "<group>";
		};
		19C28FACFE9D520D11CA2CBB /* Products */ = {
			isa = PBXGroup;
			children = (
				1D6058910D05DD3D006BFB54 /* DemoAStar-mobile.app */,
				5087E76F17EB910900C73F5D /* DemoAStar-desktop.app */,
			);
			name = Products;
			sourceTree = "<group>";
		};
		1AC6FAE6180E9839004C840B /* Products */ = {
			isa = PBXGroup;
			children = (
				1AC6FAF9180E9839004C840B /* libcocos2d Mac.a */,
				1AC6FB07180E9839004C840B /* libcocos2d iOS.a */,
				052EB1F61EAE9EDD002E8BAE /* libcocos2d tvOS.a */,
			);
			name = Products;
			sourceTree = "<group>";
		};
		29B97314FDCFA39411CA2CEA /* CustomTemplate */ = {
			isa = PBXGroup;
			children = (
				46880B8319C43A87006E1F66 /* Classes */,
				46880B7519C43A67006E1F66 /* Resources */,
				1AC6FAE5180E9839004C840B /* cocos2d_libs.xcodeproj */,
				29B97323FDCFA39411CA2CEA /* Frameworks */,
				080E96DDFE201D6D7F000001 /* ios */,
				503AE10617EB990700D1A890 /* mac */,
				19C28FACFE9D520D11CA2CBB /* Products */,
			);
			name = CustomTemplate;
			sourceTree = "<group>";
		};
		29B97323FDCFA39411CA2CEA /* Frameworks */ = {
			isa = PBXGroup;
			children = (
				ED545A7D1B68A1FA00C3958E /* libiconv.dylib */,
				ED545A7B1B68A1F400C3958E /* libiconv.dylib */,
				8262943D1AAF051F00CB7CF7 /* Security.framework */,
				52B47A461A53D09B004E4C60 /* Security.framework */,
				D6B0611A1803AB670077942B /* CoreMotion.framework */,
				503AE11A17EB9C5A00D1A890 /* IOKit.framework */,
				503AE11117EB99EE00D1A890 /* libcurl.dylib */,
				5087E78A17EB975400C73F5D /* OpenGL.framework */,
				5087E78817EB974C00C73F5D /* AppKit.framework */,
				1ACB3243164770DE00914215 /* libcurl.a */,
				BF170DB412928DE900B8313A /* libz.dylib */,
				D44C620F132DFF4E0009C878 /* AudioToolbox.framework */,
				D44C620D132DFF430009C878 /* AVFoundation.framework */,
				288765A40DF7441C002DB57D /* CoreGraphics.framework */,
				1D30AB110D05D00D00671497 /* Foundation.framework */,
				D44C620B132DFF330009C878 /* OpenAL.framework */,
				BF170DB012928DE900B8313A /* OpenGLES.framework */,
				BF1C47EA1293683800B63C5D /* QuartzCore.framework */,
				1DF5F4DF0D08C38300B7A737 /* UIKit.framework */,
			);
			name = Frameworks;
			sourceTree = "<group>";
		};
		46880B7519C43A67006E1F66 /* Resources */ = {
			isa = PBXGroup;
			children = (
				521A8EA819F11F5000D177D7 /* fonts */,
				3EACC98E19EE6D4300EB3C5E /* res */,
				46880B7619C43A67006E1F66 /* CloseNormal.png */,
				46880B7719C43A67006E1F66 /* CloseSelected.png */,
				46880B7A19C43A67006E1F66 /* HelloWorld.png */,
			);
			name = Resources;
			path = ../Resources;
			sourceTree = "<group>";
		};
		46880B8319C43A87006E1F66 /* Classes */ = {
			isa = PBXGroup;
			children = (
				052EB2751EAEAA78002E8BAE /* rpg2.5d */,
				052EB1F81EAEA58F002E8BAE /* tankbattle */,
				46880B8419C43A87006E1F66 /* AppDelegate.cpp */,
				46880B8519C43A87006E1F66 /* AppDelegate.h */,
				46880B8619C43A87006E1F66 /* HelloWorldScene.cpp */,
				46880B8719C43A87006E1F66 /* HelloWorldScene.h */,
			);
			name = Classes;
			path = ../Classes;
			sourceTree = "<group>";
		};
		503AE0F517EB97AB00D1A890 /* Icons */ = {
			isa = PBXGroup;
			children = (
				503AE0F617EB97AB00D1A890 /* Icon.icns */,
				503AE0F717EB97AB00D1A890 /* Info.plist */,
			);
			name = Icons;
			path = mac;
			sourceTree = SOURCE_ROOT;
		};
		503AE10617EB990700D1A890 /* mac */ = {
			isa = PBXGroup;
			children = (
				503AE0F517EB97AB00D1A890 /* Icons */,
				503AE10317EB98FF00D1A890 /* main.cpp */,
				503AE10417EB98FF00D1A890 /* Prefix.pch */,
			);
			name = mac;
			sourceTree = "<group>";
		};
		5087E77117EB970100C73F5D /* Icons */ = {
			isa = PBXGroup;
			children = (
				521A8E6219F0C34300D177D7 /* Default-667h@2x.png */,
				521A8E6319F0C34300D177D7 /* Default-736h@3x.png */,
				5087E77217EB970100C73F5D /* Default-568h@2x.png */,
				5087E77317EB970100C73F5D /* Default.png */,
				5087E77417EB970100C73F5D /* Default@2x.png */,
				50EF62A017ECD613001EB2F8 /* Icon-29.png */,
				50EF62A117ECD613001EB2F8 /* Icon-50.png */,
				50EF629217ECD46A001EB2F8 /* Icon-40.png */,
				50EF629317ECD46A001EB2F8 /* Icon-58.png */,
				50EF629417ECD46A001EB2F8 /* Icon-80.png */,
				50EF629517ECD46A001EB2F8 /* Icon-100.png */,
				5087E77517EB970100C73F5D /* Icon-114.png */,
				5087E77617EB970100C73F5D /* Icon-120.png */,
				5087E77717EB970100C73F5D /* Icon-144.png */,
				5087E77817EB970100C73F5D /* Icon-152.png */,
				5087E77917EB970100C73F5D /* Icon-57.png */,
				5087E77A17EB970100C73F5D /* Icon-72.png */,
				5087E77B17EB970100C73F5D /* Icon-76.png */,
				5087E77C17EB970100C73F5D /* Info.plist */,
			);
			name = Icons;
			path = ios;
			sourceTree = SOURCE_ROOT;
		};
/* End PBXGroup section */

/* Begin PBXNativeTarget section */
		1D6058900D05DD3D006BFB54 /* DemoAStar-mobile */ = {
			isa = PBXNativeTarget;
			buildConfigurationList = 1D6058960D05DD3E006BFB54 /* Build configuration list for PBXNativeTarget "DemoAStar-mobile" */;
			buildPhases = (
				1D60588D0D05DD3D006BFB54 /* Resources */,
				1D60588E0D05DD3D006BFB54 /* Sources */,
				1D60588F0D05DD3D006BFB54 /* Frameworks */,
			);
			buildRules = (
			);
			dependencies = (
				1AC6FB25180E99E1004C840B /* PBXTargetDependency */,
			);
			name = "DemoAStar-mobile";
			productName = iphone;
			productReference = 1D6058910D05DD3D006BFB54 /* DemoAStar-mobile.app */;
			productType = "com.apple.product-type.application";
		};
		5087E73D17EB910900C73F5D /* DemoAStar-desktop */ = {
			isa = PBXNativeTarget;
			buildConfigurationList = 5087E76C17EB910900C73F5D /* Build configuration list for PBXNativeTarget "DemoAStar-desktop" */;
			buildPhases = (
				5087E74817EB910900C73F5D /* Resources */,
				5087E75617EB910900C73F5D /* Sources */,
				5087E75C17EB910900C73F5D /* Frameworks */,
			);
			buildRules = (
			);
			dependencies = (
				1AC6FB16180E9959004C840B /* PBXTargetDependency */,
			);
			name = "DemoAStar-desktop";
			productName = iphone;
			productReference = 5087E76F17EB910900C73F5D /* DemoAStar-desktop.app */;
			productType = "com.apple.product-type.application";
		};
/* End PBXNativeTarget section */

/* Begin PBXProject section */
		29B97313FDCFA39411CA2CEA /* Project object */ = {
			isa = PBXProject;
			attributes = {
				LastUpgradeCheck = 0500;
			};
			buildConfigurationList = C01FCF4E08A954540054247B /* Build configuration list for PBXProject "DemoAStar" */;
			compatibilityVersion = "Xcode 3.2";
			developmentRegion = English;
			hasScannedForEncodings = 1;
			knownRegions = (
				English,
				Japanese,
				French,
				German,
			);
			mainGroup = 29B97314FDCFA39411CA2CEA /* CustomTemplate */;
			projectDirPath = "";
			projectReferences = (
				{
					ProductGroup = 1AC6FAE6180E9839004C840B /* Products */;
					ProjectRef = 1AC6FAE5180E9839004C840B /* cocos2d_libs.xcodeproj */;
				},
			);
			projectRoot = "";
			targets = (
				1D6058900D05DD3D006BFB54 /* DemoAStar-mobile */,
				5087E73D17EB910900C73F5D /* DemoAStar-desktop */,
			);
		};
/* End PBXProject section */

/* Begin PBXReferenceProxy section */
		052EB1F61EAE9EDD002E8BAE /* libcocos2d tvOS.a */ = {
			isa = PBXReferenceProxy;
			fileType = archive.ar;
			path = "libcocos2d tvOS.a";
			remoteRef = 052EB1F51EAE9EDD002E8BAE /* PBXContainerItemProxy */;
			sourceTree = BUILT_PRODUCTS_DIR;
		};
		1AC6FAF9180E9839004C840B /* libcocos2d Mac.a */ = {
			isa = PBXReferenceProxy;
			fileType = archive.ar;
			path = "libcocos2d Mac.a";
			remoteRef = 1AC6FAF8180E9839004C840B /* PBXContainerItemProxy */;
			sourceTree = BUILT_PRODUCTS_DIR;
		};
		1AC6FB07180E9839004C840B /* libcocos2d iOS.a */ = {
			isa = PBXReferenceProxy;
			fileType = archive.ar;
			path = "libcocos2d iOS.a";
			remoteRef = 1AC6FB06180E9839004C840B /* PBXContainerItemProxy */;
			sourceTree = BUILT_PRODUCTS_DIR;
		};
/* End PBXReferenceProxy section */

/* Begin PBXResourcesBuildPhase section */
		1D60588D0D05DD3D006BFB54 /* Resources */ = {
			isa = PBXResourcesBuildPhase;
			buildActionMask = 2147483647;
			files = (
				5087E78117EB970100C73F5D /* Icon-120.png in Resources */,
				5087E78617EB970100C73F5D /* Icon-76.png in Resources */,
				5087E77F17EB970100C73F5D /* Default@2x.png in Resources */,
				50EF629917ECD46A001EB2F8 /* Icon-100.png in Resources */,
				5087E78317EB970100C73F5D /* Icon-152.png in Resources */,
				46880B8119C43A67006E1F66 /* HelloWorld.png in Resources */,
				46880B7D19C43A67006E1F66 /* CloseSelected.png in Resources */,
				5087E77D17EB970100C73F5D /* Default-568h@2x.png in Resources */,
				5087E78517EB970100C73F5D /* Icon-72.png in Resources */,
				521A8E6519F0C34300D177D7 /* Default-736h@3x.png in Resources */,
				521A8EA919F11F5000D177D7 /* fonts in Resources */,
				50EF62A317ECD613001EB2F8 /* Icon-50.png in Resources */,
				5087E78017EB970100C73F5D /* Icon-114.png in Resources */,
				50EF62A217ECD613001EB2F8 /* Icon-29.png in Resources */,
				50EF629617ECD46A001EB2F8 /* Icon-40.png in Resources */,
				5087E78217EB970100C73F5D /* Icon-144.png in Resources */,
				3EACC98F19EE6D4300EB3C5E /* res in Resources */,
				50EF629817ECD46A001EB2F8 /* Icon-80.png in Resources */,
				5087E78417EB970100C73F5D /* Icon-57.png in Resources */,
				5087E77E17EB970100C73F5D /* Default.png in Resources */,
				521A8E6419F0C34300D177D7 /* Default-667h@2x.png in Resources */,
				46880B7B19C43A67006E1F66 /* CloseNormal.png in Resources */,
				50EF629717ECD46A001EB2F8 /* Icon-58.png in Resources */,
			);
			runOnlyForDeploymentPostprocessing = 0;
		};
		5087E74817EB910900C73F5D /* Resources */ = {
			isa = PBXResourcesBuildPhase;
			buildActionMask = 2147483647;
			files = (
				46880B8219C43A67006E1F66 /* HelloWorld.png in Resources */,
				503AE0F817EB97AB00D1A890 /* Icon.icns in Resources */,
				3EACC99019EE6D4300EB3C5E /* res in Resources */,
				521A8EAA19F11F5000D177D7 /* fonts in Resources */,
				46880B7C19C43A67006E1F66 /* CloseNormal.png in Resources */,
				46880B7E19C43A67006E1F66 /* CloseSelected.png in Resources */,
			);
			runOnlyForDeploymentPostprocessing = 0;
		};
/* End PBXResourcesBuildPhase section */

/* Begin PBXSourcesBuildPhase section */
		1D60588E0D05DD3D006BFB54 /* Sources */ = {
			isa = PBXSourcesBuildPhase;
			buildActionMask = 2147483647;
			files = (
				052EB22C1EAEA59D002E8BAE /* PauseLayer.cpp in Sources */,
				052EB2D71EB00F8D002E8BAE /* RGameScene.cpp in Sources */,
				052EB2401EAEA59D002E8BAE /* JoyStick.cpp in Sources */,
				052EB2371EAEA59D002E8BAE /* LevelScene.cpp in Sources */,
				052EB26D1EAEA69D002E8BAE /* SoundManager.cpp in Sources */,
				052EB23A1EAEA59D002E8BAE /* PathFinder.cpp in Sources */,
				052EB2331EAEA59D002E8BAE /* GameManager.cpp in Sources */,
				052EB2311EAEA59D002E8BAE /* CountdownLayer.cpp in Sources */,
				46880B8819C43A87006E1F66 /* AppDelegate.cpp in Sources */,
				052EB22E1EAEA59D002E8BAE /* AnimationHelper.cpp in Sources */,
				052EB2361EAEA59D002E8BAE /* LevelEnterDialog.cpp in Sources */,
				46880B8A19C43A87006E1F66 /* HelloWorldScene.cpp in Sources */,
				052EB2341EAEA59D002E8BAE /* GameWinLayer.cpp in Sources */,
				052EB2DF1EB04E92002E8BAE /* PathFinder.cpp in Sources */,
				052EB23B1EAEA59D002E8BAE /* SceneFactory.cpp in Sources */,
				052EB2381EAEA59D002E8BAE /* LoadingScene.cpp in Sources */,
				052EB2DB1EB03D2F002E8BAE /* RPlayer.cpp in Sources */,
				052EB23D1EAEA59D002E8BAE /* TankAI.cpp in Sources */,
				052EB2671EAEA69D002E8BAE /* DialogLayer.cpp in Sources */,
				503AE10017EB989F00D1A890 /* AppController.mm in Sources */,
				052EB22B1EAEA59D002E8BAE /* HUDLayer.cpp in Sources */,
				052EB2291EAEA59D002E8BAE /* Building.cpp in Sources */,
				052EB23C1EAEA59D002E8BAE /* Tank.cpp in Sources */,
				052EB23E1EAEA59D002E8BAE /* TankManager.cpp in Sources */,
				052EB2321EAEA59D002E8BAE /* GameLose.cpp in Sources */,
				052EB22F1EAEA59D002E8BAE /* Bullet.cpp in Sources */,
				052EB22A1EAEA59D002E8BAE /* GameScene.cpp in Sources */,
				052EB2301EAEA59D002E8BAE /* BulletManager.cpp in Sources */,
				503AE10217EB989F00D1A890 /* RootViewController.mm in Sources */,
				052EB23F1EAEA59D002E8BAE /* TankMap.cpp in Sources */,
				503AE10117EB989F00D1A890 /* main.m in Sources */,
			);
			runOnlyForDeploymentPostprocessing = 0;
		};
		5087E75617EB910900C73F5D /* Sources */ = {
			isa = PBXSourcesBuildPhase;
			buildActionMask = 2147483647;
			files = (
				052EB24B1EAEA5B7002E8BAE /* GameWinLayer.cpp in Sources */,
				052EB2571EAEA5B7002E8BAE /* JoyStick.cpp in Sources */,
				052EB2541EAEA5B7002E8BAE /* TankAI.cpp in Sources */,
				052EB2421EAEA5B7002E8BAE /* GameScene.cpp in Sources */,
				052EB2461EAEA5B7002E8BAE /* Bullet.cpp in Sources */,
				052EB26E1EAEA6A4002E8BAE /* DialogLayer.cpp in Sources */,
				052EB2491EAEA5B7002E8BAE /* GameLose.cpp in Sources */,
				052EB2511EAEA5B7002E8BAE /* PathFinder.cpp in Sources */,
				052EB2531EAEA5B7002E8BAE /* Tank.cpp in Sources */,
				46880B8919C43A87006E1F66 /* AppDelegate.cpp in Sources */,
				052EB2E01EB04E92002E8BAE /* PathFinder.cpp in Sources */,
				052EB2741EAEA6A4002E8BAE /* SoundManager.cpp in Sources */,
				052EB2471EAEA5B7002E8BAE /* BulletManager.cpp in Sources */,
				503AE10517EB98FF00D1A890 /* main.cpp in Sources */,
				052EB2481EAEA5B7002E8BAE /* CountdownLayer.cpp in Sources */,
				46880B8B19C43A87006E1F66 /* HelloWorldScene.cpp in Sources */,
				052EB2DC1EB03D2F002E8BAE /* RPlayer.cpp in Sources */,
				052EB2521EAEA5B7002E8BAE /* SceneFactory.cpp in Sources */,
				052EB2561EAEA5B7002E8BAE /* TankMap.cpp in Sources */,
				052EB2451EAEA5B7002E8BAE /* AnimationHelper.cpp in Sources */,
				052EB2411EAEA5B7002E8BAE /* Building.cpp in Sources */,
				052EB24D1EAEA5B7002E8BAE /* LevelEnterDialog.cpp in Sources */,
				052EB2551EAEA5B7002E8BAE /* TankManager.cpp in Sources */,
				052EB24A1EAEA5B7002E8BAE /* GameManager.cpp in Sources */,
				052EB24E1EAEA5B7002E8BAE /* LevelScene.cpp in Sources */,
				052EB24F1EAEA5B7002E8BAE /* LoadingScene.cpp in Sources */,
				052EB2441EAEA5B7002E8BAE /* PauseLayer.cpp in Sources */,
				052EB2431EAEA5B7002E8BAE /* HUDLayer.cpp in Sources */,
				052EB2D81EB00F8D002E8BAE /* RGameScene.cpp in Sources */,
			);
			runOnlyForDeploymentPostprocessing = 0;
		};
/* End PBXSourcesBuildPhase section */

/* Begin PBXTargetDependency section */
		1AC6FB16180E9959004C840B /* PBXTargetDependency */ = {
			isa = PBXTargetDependency;
			name = "cocos2dx Mac";
			targetProxy = 1AC6FB15180E9959004C840B /* PBXContainerItemProxy */;
		};
		1AC6FB25180E99E1004C840B /* PBXTargetDependency */ = {
			isa = PBXTargetDependency;
			name = "cocos2dx iOS";
			targetProxy = 1AC6FB24180E99E1004C840B /* PBXContainerItemProxy */;
		};
/* End PBXTargetDependency section */

/* Begin XCBuildConfiguration section */
		1D6058940D05DD3E006BFB54 /* Debug */ = {
			isa = XCBuildConfiguration;
			buildSettings = {
				ALWAYS_SEARCH_USER_PATHS = YES;
				CODE_SIGN_IDENTITY = "iPhone Developer";
				COMPRESS_PNG_FILES = NO;
				ENABLE_BITCODE = NO;
				GCC_DYNAMIC_NO_PIC = NO;
				GCC_INLINES_ARE_PRIVATE_EXTERN = NO;
				GCC_PRECOMPILE_PREFIX_HEADER = YES;
				GCC_PREFIX_HEADER = ios/Prefix.pch;
				GCC_PREPROCESSOR_DEFINITIONS = (
					USE_FILE32API,
					CC_TARGET_OS_IPHONE,
					"COCOS2D_DEBUG=1",
					"CC_ENABLE_CHIPMUNK_INTEGRATION=1",
				);
				GCC_SYMBOLS_PRIVATE_EXTERN = NO;
				HEADER_SEARCH_PATHS = (
					"$(inherited)",
					"$(SRCROOT)/../cocos2d/cocos/platform/ios",
					"$(SRCROOT)/../cocos2d/cocos/platform/ios/Simulation",
				);
				INFOPLIST_FILE = ios/Info.plist;
				IPHONEOS_DEPLOYMENT_TARGET = 6.0;
				LIBRARY_SEARCH_PATHS = "";
				OTHER_LDFLAGS = (
					"$(_COCOS_LIB_IOS_BEGIN)",
					"$(_COCOS_LIB_IOS_END)",
				);
				SDKROOT = iphoneos;
				TARGETED_DEVICE_FAMILY = "1,2";
				USER_HEADER_SEARCH_PATHS = "$(_COCOS_HEADER_IOS_BEGIN) $(_COCOS_HEADER_IOS_END)";
				VALID_ARCHS = "arm64 armv7";
			};
			name = Debug;
		};
		1D6058950D05DD3E006BFB54 /* Release */ = {
			isa = XCBuildConfiguration;
			buildSettings = {
				ALWAYS_SEARCH_USER_PATHS = YES;
				CODE_SIGN_IDENTITY = "iPhone Developer";
				COMPRESS_PNG_FILES = NO;
				ENABLE_BITCODE = NO;
				GCC_INLINES_ARE_PRIVATE_EXTERN = NO;
				GCC_PRECOMPILE_PREFIX_HEADER = YES;
				GCC_PREFIX_HEADER = ios/Prefix.pch;
				GCC_PREPROCESSOR_DEFINITIONS = (
					USE_FILE32API,
					CC_TARGET_OS_IPHONE,
					"CC_ENABLE_CHIPMUNK_INTEGRATION=1",
				);
				GCC_SYMBOLS_PRIVATE_EXTERN = NO;
				HEADER_SEARCH_PATHS = (
					"$(inherited)",
					"$(SRCROOT)/../cocos2d/cocos/platform/ios",
					"$(SRCROOT)/../cocos2d/cocos/platform/ios/Simulation",
				);
				INFOPLIST_FILE = ios/Info.plist;
				IPHONEOS_DEPLOYMENT_TARGET = 6.0;
				LIBRARY_SEARCH_PATHS = "";
				OTHER_LDFLAGS = (
					"$(_COCOS_LIB_IOS_BEGIN)",
					"$(_COCOS_LIB_IOS_END)",
				);
				SDKROOT = iphoneos;
				TARGETED_DEVICE_FAMILY = "1,2";
				USER_HEADER_SEARCH_PATHS = "$(_COCOS_HEADER_IOS_BEGIN) $(_COCOS_HEADER_IOS_END)";
				VALID_ARCHS = "arm64 armv7";
			};
			name = Release;
		};
		5087E76D17EB910900C73F5D /* Debug */ = {
			isa = XCBuildConfiguration;
			buildSettings = {
				ALWAYS_SEARCH_USER_PATHS = YES;
				ARCHS = "$(ARCHS_STANDARD_64_BIT)";
				CLANG_CXX_LANGUAGE_STANDARD = "c++0x";
				CLANG_CXX_LIBRARY = "libc++";
				GCC_DYNAMIC_NO_PIC = NO;
				GCC_INLINES_ARE_PRIVATE_EXTERN = NO;
				GCC_PRECOMPILE_PREFIX_HEADER = YES;
				GCC_PREFIX_HEADER = mac/Prefix.pch;
				GCC_PREPROCESSOR_DEFINITIONS = (
					USE_FILE32API,
					CC_TARGET_OS_MAC,
					"COCOS2D_DEBUG=1",
					"CC_ENABLE_CHIPMUNK_INTEGRATION=1",
				);
				GCC_SYMBOLS_PRIVATE_EXTERN = NO;
				HEADER_SEARCH_PATHS = (
					"$(inherited)",
					"$(SRCROOT)/../cocos2d/cocos/platform/mac",
					"$(SRCROOT)/../cocos2d/external/glfw3/include/mac",
				);
				INFOPLIST_FILE = mac/Info.plist;
				LIBRARY_SEARCH_PATHS = "";
				OTHER_LDFLAGS = (
					"$(_COCOS_LIB_MAC_BEGIN)",
					"$(_COCOS_LIB_MAC_END)",
				);
				USER_HEADER_SEARCH_PATHS = "$(_COCOS_HEADER_MAC_BEGIN) $(_COCOS_HEADER_MAC_END)";
			};
			name = Debug;
		};
		5087E76E17EB910900C73F5D /* Release */ = {
			isa = XCBuildConfiguration;
			buildSettings = {
				ALWAYS_SEARCH_USER_PATHS = YES;
				ARCHS = "$(ARCHS_STANDARD_64_BIT)";
				CLANG_CXX_LANGUAGE_STANDARD = "c++0x";
				CLANG_CXX_LIBRARY = "libc++";
				GCC_INLINES_ARE_PRIVATE_EXTERN = NO;
				GCC_PRECOMPILE_PREFIX_HEADER = YES;
				GCC_PREFIX_HEADER = mac/Prefix.pch;
				GCC_PREPROCESSOR_DEFINITIONS = (
					USE_FILE32API,
					CC_TARGET_OS_MAC,
					"CC_ENABLE_CHIPMUNK_INTEGRATION=1",
				);
				GCC_SYMBOLS_PRIVATE_EXTERN = NO;
				HEADER_SEARCH_PATHS = (
					"$(inherited)",
					"$(SRCROOT)/../cocos2d/cocos/platform/mac",
					"$(SRCROOT)/../cocos2d/external/glfw3/include/mac",
				);
				INFOPLIST_FILE = mac/Info.plist;
				LIBRARY_SEARCH_PATHS = "";
				OTHER_LDFLAGS = (
					"$(_COCOS_LIB_MAC_BEGIN)",
					"$(_COCOS_LIB_MAC_END)",
				);
				USER_HEADER_SEARCH_PATHS = "$(_COCOS_HEADER_MAC_BEGIN) $(_COCOS_HEADER_MAC_END)";
			};
			name = Release;
		};
		C01FCF4F08A954540054247B /* Debug */ = {
			isa = XCBuildConfiguration;
			buildSettings = {
				CLANG_CXX_LANGUAGE_STANDARD = "c++0x";
				CLANG_CXX_LIBRARY = "libc++";
				COPY_PHASE_STRIP = NO;
				GCC_OPTIMIZATION_LEVEL = 0;
				GCC_WARN_ABOUT_RETURN_TYPE = YES;
				GCC_WARN_UNUSED_VARIABLE = YES;
				HEADER_SEARCH_PATHS = (
					"$(SRCROOT)/../cocos2d",
					"$(SRCROOT)/../cocos2d/cocos",
					"$(SRCROOT)/../cocos2d/cocos/base",
					"$(SRCROOT)/../cocos2d/cocos/physics",
					"$(SRCROOT)/../cocos2d/cocos/math",
					"$(SRCROOT)/../cocos2d/cocos/2d",
					"$(SRCROOT)/../cocos2d/cocos/ui",
					"$(SRCROOT)/../cocos2d/cocos/network",
					"$(SRCROOT)/../cocos2d/cocos/audio/include",
					"$(SRCROOT)/../cocos2d/cocos/editor-support",
					"$(SRCROOT)/../cocos2d/extensions",
					"$(SRCROOT)/../cocos2d/external",
					"$(SRCROOT)/../cocos2d/external/chipmunk/include/chipmunk",
				);
				IPHONEOS_DEPLOYMENT_TARGET = 6.0;
				MACOSX_DEPLOYMENT_TARGET = 10.7;
				ONLY_ACTIVE_ARCH = YES;
				PRODUCT_NAME = "$(TARGET_NAME)";
				SDKROOT = macosx;
			};
			name = Debug;
		};
		C01FCF5008A954540054247B /* Release */ = {
			isa = XCBuildConfiguration;
			buildSettings = {
				CLANG_CXX_LANGUAGE_STANDARD = "c++0x";
				CLANG_CXX_LIBRARY = "libc++";
				GCC_WARN_ABOUT_RETURN_TYPE = YES;
				GCC_WARN_UNUSED_VARIABLE = YES;
				HEADER_SEARCH_PATHS = (
					"$(SRCROOT)/../cocos2d",
					"$(SRCROOT)/../cocos2d/cocos",
					"$(SRCROOT)/../cocos2d/cocos/base",
					"$(SRCROOT)/../cocos2d/cocos/physics",
					"$(SRCROOT)/../cocos2d/cocos/math",
					"$(SRCROOT)/../cocos2d/cocos/2d",
					"$(SRCROOT)/../cocos2d/cocos/ui",
					"$(SRCROOT)/../cocos2d/cocos/network",
					"$(SRCROOT)/../cocos2d/cocos/audio/include",
					"$(SRCROOT)/../cocos2d/cocos/editor-support",
					"$(SRCROOT)/../cocos2d/extensions",
					"$(SRCROOT)/../cocos2d/external",
					"$(SRCROOT)/../cocos2d/external/chipmunk/include/chipmunk",
				);
				IPHONEOS_DEPLOYMENT_TARGET = 6.0;
				MACOSX_DEPLOYMENT_TARGET = 10.7;
				OTHER_CFLAGS = "-DNS_BLOCK_ASSERTIONS=1";
				PRODUCT_NAME = "$(TARGET_NAME)";
				SDKROOT = macosx;
				VALIDATE_PRODUCT = YES;
			};
			name = Release;
		};
/* End XCBuildConfiguration section */

/* Begin XCConfigurationList section */
		1D6058960D05DD3E006BFB54 /* Build configuration list for PBXNativeTarget "DemoAStar-mobile" */ = {
			isa = XCConfigurationList;
			buildConfigurations = (
				1D6058940D05DD3E006BFB54 /* Debug */,
				1D6058950D05DD3E006BFB54 /* Release */,
			);
			defaultConfigurationIsVisible = 0;
			defaultConfigurationName = Debug;
		};
		5087E76C17EB910900C73F5D /* Build configuration list for PBXNativeTarget "DemoAStar-desktop" */ = {
			isa = XCConfigurationList;
			buildConfigurations = (
				5087E76D17EB910900C73F5D /* Debug */,
				5087E76E17EB910900C73F5D /* Release */,
			);
			defaultConfigurationIsVisible = 0;
			defaultConfigurationName = Debug;
		};
		C01FCF4E08A954540054247B /* Build configuration list for PBXProject "DemoAStar" */ = {
			isa = XCConfigurationList;
			buildConfigurations = (
				C01FCF4F08A954540054247B /* Debug */,
				C01FCF5008A954540054247B /* Release */,
			);
			defaultConfigurationIsVisible = 0;
			defaultConfigurationName = Debug;
		};
/* End XCConfigurationList section */
	};
	rootObject = 29B97313FDCFA39411CA2CEA /* Project object */;
}
